
Microsoft Visual Studio Solution File, Format Version 12.00
# Visual Studio Version 17
VisualStudioVersion = 17.14.37012.4 d17.14
MinimumVisualStudioVersion = 10.0.40219.1
Project("{FAE04EC0-301F-11D3-BF4B-00C04F79EFBC}") = "TCP", "TCP\TCP.csproj", "{2D80B712-A91A-4DD6-A1CF-AD8D595B31BC}"
EndProject
Global
	GlobalSection(SolutionConfigurationPlatforms) = preSolution
		Debug|Any CPU = Debug|Any CPU
		Release|Any CPU = Release|Any CPU
	EndGlobalSection
	GlobalSection(ProjectConfigurationPlatforms) = postSolution
		{2D80B712-A91A-4DD6-A1CF-AD8D595B31BC}.Debug|Any CPU.ActiveCfg = Debug|Any CPU
		{2D80B712-A91A-4DD6-A1CF-AD8D595B31BC}.Debug|Any CPU.Build.0 = Debug|Any CPU
		{2D80B712-A91A-4DD6-A1CF-AD8D595B31BC}.Release|Any CPU.ActiveCfg = Release|Any CPU
		{2D80B712-A91A-4DD6-A1CF-AD8D595B31BC}.Release|Any CPU.Build.0 = Release|Any CPU
	EndGlobalSection
	GlobalSection(SolutionProperties) = preSolution
		HideSolutionNode = FALSE
	EndGlobalSection
	GlobalSection(ExtensibilityGlobals) = postSolution
		SolutionGuid = {AF60D298-A99F-45B8-AA82-8FD55449AC9D}
	EndGlobalSection
EndGlobal
